
Microsoft Visual Studio Solution File, Format Version 12.00
# Visual Studio Version 17
VisualStudioVersion = 17.2.32602.215
MinimumVisualStudioVersion = 10.0.40219.1
Project("{FAE04EC0-301F-11D3-BF4B-00C04F79EFBC}") = "Dog-Books-FrontEnd", "Dog-Books-FrontEnd\Dog-Books-FrontEnd.csproj", "{52672F2E-515D-406F-A234-1827A8FA13F4}"
EndProject
Global
	GlobalSection(SolutionConfigurationPlatforms) = preSolution
		Debug|Any CPU = Debug|Any CPU
		Release|Any CPU = Release|Any CPU
	EndGlobalSection
	GlobalSection(ProjectConfigurationPlatforms) = postSolution
		{52672F2E-515D-406F-A234-1827A8FA13F4}.Debug|Any CPU.ActiveCfg = Debug|Any CPU
		{52672F2E-515D-406F-A234-1827A8FA13F4}.Debug|Any CPU.Build.0 = Debug|Any CPU
		{52672F2E-515D-406F-A234-1827A8FA13F4}.Release|Any CPU.ActiveCfg = Release|Any CPU
		{52672F2E-515D-406F-A234-1827A8FA13F4}.Release|Any CPU.Build.0 = Release|Any CPU
	EndGlobalSection
	GlobalSection(SolutionProperties) = preSolution
		HideSolutionNode = FALSE
	EndGlobalSection
	GlobalSection(ExtensibilityGlobals) = postSolution
		SolutionGuid = {B71A3315-3CCD-467D-9F48-C4B77838A2B2}
	EndGlobalSection
EndGlobal
